
Microsoft Visual Studio Solution File, Format Version 12.00
# Visual Studio 15
VisualStudioVersion = 15.0.27428.2005
MinimumVisualStudioVersion = 10.0.40219.1
Project("{9A19103F-16F7-4668-BE54-9A1E7A4F7556}") = "TallyJ3", "TallyJ3\TallyJ3.csproj", "{BC15A6E5-F0FB-4FD4-BBC0-14F116148F27}"
EndProject
Project("{9A19103F-16F7-4668-BE54-9A1E7A4F7556}") = "TallyJ3Tests", "TallyJ3Tests\TallyJ3Tests.csproj", "{F5C3AD69-09A6-4829-BFF7-9695359EB32E}"
EndProject
Global
	GlobalSection(SolutionConfigurationPlatforms) = preSolution
		Debug|Any CPU = Debug|Any CPU
		Release|Any CPU = Release|Any CPU
	EndGlobalSection
	GlobalSection(ProjectConfigurationPlatforms) = postSolution
		{BC15A6E5-F0FB-4FD4-BBC0-14F116148F27}.Debug|Any CPU.ActiveCfg = Debug|Any CPU
		{BC15A6E5-F0FB-4FD4-BBC0-14F116148F27}.Debug|Any CPU.Build.0 = Debug|Any CPU
		{BC15A6E5-F0FB-4FD4-BBC0-14F116148F27}.Release|Any CPU.ActiveCfg = Release|Any CPU
		{BC15A6E5-F0FB-4FD4-BBC0-14F116148F27}.Release|Any CPU.Build.0 = Release|Any CPU
		{F5C3AD69-09A6-4829-BFF7-9695359EB32E}.Debug|Any CPU.ActiveCfg = Debug|Any CPU
		{F5C3AD69-09A6-4829-BFF7-9695359EB32E}.Debug|Any CPU.Build.0 = Debug|Any CPU
		{F5C3AD69-09A6-4829-BFF7-9695359EB32E}.Release|Any CPU.ActiveCfg = Release|Any CPU
		{F5C3AD69-09A6-4829-BFF7-9695359EB32E}.Release|Any CPU.Build.0 = Release|Any CPU
	EndGlobalSection
	GlobalSection(SolutionProperties) = preSolution
		HideSolutionNode = FALSE
	EndGlobalSection
	GlobalSection(ExtensibilityGlobals) = postSolution
		SolutionGuid = {770C2EF6-0DBE-4DCD-95E1-A50749C4A865}
	EndGlobalSection
EndGlobal
